// !$*UTF8*$!
{
	archiveVersion = 1;
	classes = {
	};
	objectVersion = 56;
	objects = {

/* Begin PBXBuildFile section */
		B5429DFB2AFADB68002936DD /* Assets.xcassets in Resources */ = {isa = PBXBuildFile; fileRef = B5429DFA2AFADB68002936DD /* Assets.xcassets */; };
		B5429DFE2AFADB68002936DD /* Preview Assets.xcassets in Resources */ = {isa = PBXBuildFile; fileRef = B5429DFD2AFADB68002936DD /* Preview Assets.xcassets */; };
		B5429E082AFADB69002936DD /* Fetch_ExerciseTests.swift in Sources */ = {isa = PBXBuildFile; fileRef = B5429E072AFADB69002936DD /* Fetch_ExerciseTests.swift */; };
		B5429E122AFADB69002936DD /* Fetch_ExerciseUITests.swift in Sources */ = {isa = PBXBuildFile; fileRef = B5429E112AFADB69002936DD /* Fetch_ExerciseUITests.swift */; };
		B5429E142AFADB69002936DD /* Fetch_ExerciseUITestsLaunchTests.swift in Sources */ = {isa = PBXBuildFile; fileRef = B5429E132AFADB69002936DD /* Fetch_ExerciseUITestsLaunchTests.swift */; };
		B5429E262AFADB98002936DD /* ContentView.swift in Sources */ = {isa = PBXBuildFile; fileRef = B5429E202AFADB97002936DD /* ContentView.swift */; };
		B5429E272AFADB98002936DD /* FetchApi.swift in Sources */ = {isa = PBXBuildFile; fileRef = B5429E212AFADB98002936DD /* FetchApi.swift */; };
		B5429E282AFADB98002936DD /* MealDetailView.swift in Sources */ = {isa = PBXBuildFile; fileRef = B5429E222AFADB98002936DD /* MealDetailView.swift */; };
		B5429E2A2AFADB98002936DD /* MealListView.swift in Sources */ = {isa = PBXBuildFile; fileRef = B5429E242AFADB98002936DD /* MealListView.swift */; };
		B5429E2B2AFADB98002936DD /* Models.swift in Sources */ = {isa = PBXBuildFile; fileRef = B5429E252AFADB98002936DD /* Models.swift */; };
		B5429E2D2AFADC6F002936DD /* FetchExercise.swift in Sources */ = {isa = PBXBuildFile; fileRef = B5429E2C2AFADC6F002936DD /* FetchExercise.swift */; };
/* End PBXBuildFile section */

/* Begin PBXContainerItemProxy section */
		B5429E042AFADB69002936DD /* PBXContainerItemProxy */ = {
			isa = PBXContainerItemProxy;
			containerPortal = B5429DEB2AFADB67002936DD /* Project object */;
			proxyType = 1;
			remoteGlobalIDString = B5429DF22AFADB67002936DD;
			remoteInfo = "Fetch Exercise";
		};
		B5429E0E2AFADB69002936DD /* PBXContainerItemProxy */ = {
			isa = PBXContainerItemProxy;
			containerPortal = B5429DEB2AFADB67002936DD /* Project object */;
			proxyType = 1;
			remoteGlobalIDString = B5429DF22AFADB67002936DD;
			remoteInfo = "Fetch Exercise";
		};
/* End PBXContainerItemProxy section */

/* Begin PBXFileReference section */
		B5429DF32AFADB67002936DD /* Fetch Exercise.app */ = {isa = PBXFileReference; explicitFileType = wrapper.application; includeInIndex = 0; path = "Fetch Exercise.app"; sourceTree = BUILT_PRODUCTS_DIR; };
		B5429DFA2AFADB68002936DD /* Assets.xcassets */ = {isa = PBXFileReference; lastKnownFileType = folder.assetcatalog; path = Assets.xcassets; sourceTree = "<group>"; };
		B5429DFD2AFADB68002936DD /* Preview Assets.xcassets */ = {isa = PBXFileReference; lastKnownFileType = folder.assetcatalog; path = "Preview Assets.xcassets"; sourceTree = "<group>"; };
		B5429E032AFADB69002936DD /* Fetch ExerciseTests.xctest */ = {isa = PBXFileReference; explicitFileType = wrapper.cfbundle; includeInIndex = 0; path = "Fetch ExerciseTests.xctest"; sourceTree = BUILT_PRODUCTS_DIR; };
		B5429E072AFADB69002936DD /* Fetch_ExerciseTests.swift */ = {isa = PBXFileReference; lastKnownFileType = sourcecode.swift; path = Fetch_ExerciseTests.swift; sourceTree = "<group>"; };
		B5429E0D2AFADB69002936DD /* Fetch ExerciseUITests.xctest */ = {isa = PBXFileReference; explicitFileType = wrapper.cfbundle; includeInIndex = 0; path = "Fetch ExerciseUITests.xctest"; sourceTree = BUILT_PRODUCTS_DIR; };
		B5429E112AFADB69002936DD /* Fetch_ExerciseUITests.swift */ = {isa = PBXFileReference; lastKnownFileType = sourcecode.swift; path = Fetch_ExerciseUITests.swift; sourceTree = "<group>"; };
		B5429E132AFADB69002936DD /* Fetch_ExerciseUITestsLaunchTests.swift */ = {isa = PBXFileReference; lastKnownFileType = sourcecode.swift; path = Fetch_ExerciseUITestsLaunchTests.swift; sourceTree = "<group>"; };
		B5429E202AFADB97002936DD /* ContentView.swift */ = {isa = PBXFileReference; fileEncoding = 4; lastKnownFileType = sourcecode.swift; name = ContentView.swift; path = ../../../Downloads/ContentView.swift; sourceTree = "<group>"; };
		B5429E212AFADB98002936DD /* FetchApi.swift */ = {isa = PBXFileReference; fileEncoding = 4; lastKnownFileType = sourcecode.swift; name = FetchApi.swift; path = ../../../Downloads/FetchApi.swift; sourceTree = "<group>"; };
		B5429E222AFADB98002936DD /* MealDetailView.swift */ = {isa = PBXFileReference; fileEncoding = 4; lastKnownFileType = sourcecode.swift; name = MealDetailView.swift; path = ../../../Downloads/MealDetailView.swift; sourceTree = "<group>"; };
		B5429E242AFADB98002936DD /* MealListView.swift */ = {isa = PBXFileReference; fileEncoding = 4; lastKnownFileType = sourcecode.swift; name = MealListView.swift; path = ../../../Downloads/MealListView.swift; sourceTree = "<group>"; };
		B5429E252AFADB98002936DD /* Models.swift */ = {isa = PBXFileReference; fileEncoding = 4; lastKnownFileType = sourcecode.swift; name = Models.swift; path = ../../../Downloads/Models.swift; sourceTree = "<group>"; };
		B5429E2C2AFADC6F002936DD /* FetchExercise.swift */ = {isa = PBXFileReference; lastKnownFileType = sourcecode.swift; path = FetchExercise.swift; sourceTree = "<group>"; };
/* End PBXFileReference section */

/* Begin PBXFrameworksBuildPhase section */
		B5429DF02AFADB67002936DD /* Frameworks */ = {
			isa = PBXFrameworksBuildPhase;
			buildActionMask = 2147483647;
			files = (
			);
			runOnlyForDeploymentPostprocessing = 0;
		};
		B5429E002AFADB69002936DD /* Frameworks */ = {
			isa = PBXFrameworksBuildPhase;
			buildActionMask = 2147483647;
			files = (
			);
			runOnlyForDeploymentPostprocessing = 0;
		};
		B5429E0A2AFADB69002936DD /* Frameworks */ = {
			isa = PBXFrameworksBuildPhase;
			buildActionMask = 2147483647;
			files = (
			);
			runOnlyForDeploymentPostprocessing = 0;
		};
/* End PBXFrameworksBuildPhase section */

/* Begin PBXGroup section */
		B5429DEA2AFADB67002936DD = {
			isa = PBXGroup;
			children = (
				B5429DF52AFADB67002936DD /* Fetch Exercise */,
				B5429E062AFADB69002936DD /* Fetch ExerciseTests */,
				B5429E102AFADB69002936DD /* Fetch ExerciseUITests */,
				B5429DF42AFADB67002936DD /* Products */,
			);
			sourceTree = "<group>";
		};
		B5429DF42AFADB67002936DD /* Products */ = {
			isa = PBXGroup;
			children = (
				B5429DF32AFADB67002936DD /* Fetch Exercise.app */,
				B5429E032AFADB69002936DD /* Fetch ExerciseTests.xctest */,
				B5429E0D2AFADB69002936DD /* Fetch ExerciseUITests.xctest */,
			);
			name = Products;
			sourceTree = "<group>";
		};
		B5429DF52AFADB67002936DD /* Fetch Exercise */ = {
			isa = PBXGroup;
			children = (
				B5429E202AFADB97002936DD /* ContentView.swift */,
				B5429E212AFADB98002936DD /* FetchApi.swift */,
				B5429E222AFADB98002936DD /* MealDetailView.swift */,
				B5429E242AFADB98002936DD /* MealListView.swift */,
				B5429E252AFADB98002936DD /* Models.swift */,
				B5429DFA2AFADB68002936DD /* Assets.xcassets */,
				B5429DFC2AFADB68002936DD /* Preview Content */,
				B5429E2C2AFADC6F002936DD /* FetchExercise.swift */,
			);
			path = "Fetch Exercise";
			sourceTree = "<group>";
		};
		B5429DFC2AFADB68002936DD /* Preview Content */ = {
			isa = PBXGroup;
			children = (
				B5429DFD2AFADB68002936DD /* Preview Assets.xcassets */,
			);
			path = "Preview Content";
			sourceTree = "<group>";
		};
		B5429E062AFADB69002936DD /* Fetch ExerciseTests */ = {
			isa = PBXGroup;
			children = (
				B5429E072AFADB69002936DD /* Fetch_ExerciseTests.swift */,
			);
			path = "Fetch ExerciseTests";
			sourceTree = "<group>";
		};
		B5429E102AFADB69002936DD /* Fetch ExerciseUITests */ = {
			isa = PBXGroup;
			children = (
				B5429E112AFADB69002936DD /* Fetch_ExerciseUITests.swift */,
				B5429E132AFADB69002936DD /* Fetch_ExerciseUITestsLaunchTests.swift */,
			);
			path = "Fetch ExerciseUITests";
			sourceTree = "<group>";
		};
/* End PBXGroup section */

/* Begin PBXNativeTarget section */
		B5429DF22AFADB67002936DD /* Fetch Exercise */ = {
			isa = PBXNativeTarget;
			buildConfigurationList = B5429E172AFADB69002936DD /* Build configuration list for PBXNativeTarget "Fetch Exercise" */;
			buildPhases = (
				B5429DEF2AFADB67002936DD /* Sources */,
				B5429DF02AFADB67002936DD /* Frameworks */,
				B5429DF12AFADB67002936DD /* Resources */,
			);
			buildRules = (
			);
			dependencies = (
			);
			name = "Fetch Exercise";
			productName = "Fetch Exercise";
			productReference = B5429DF32AFADB67002936DD /* Fetch Exercise.app */;
			productType = "com.apple.product-type.application";
		};
		B5429E022AFADB69002936DD /* Fetch ExerciseTests */ = {
			isa = PBXNativeTarget;
			buildConfigurationList = B5429E1A2AFADB69002936DD /* Build configuration list for PBXNativeTarget "Fetch ExerciseTests" */;
			buildPhases = (
				B5429DFF2AFADB69002936DD /* Sources */,
				B5429E002AFADB69002936DD /* Frameworks */,
				B5429E012AFADB69002936DD /* Resources */,
			);
			buildRules = (
			);
			dependencies = (
				B5429E052AFADB69002936DD /* PBXTargetDependency */,
			);
			name = "Fetch ExerciseTests";
			productName = "Fetch ExerciseTests";
			productReference = B5429E032AFADB69002936DD /* Fetch ExerciseTests.xctest */;
			productType = "com.apple.product-type.bundle.unit-test";
		};
		B5429E0C2AFADB69002936DD /* Fetch ExerciseUITests */ = {
			isa = PBXNativeTarget;
			buildConfigurationList = B5429E1D2AFADB69002936DD /* Build configuration list for PBXNativeTarget "Fetch ExerciseUITests" */;
			buildPhases = (
				B5429E092AFADB69002936DD /* Sources */,
				B5429E0A2AFADB69002936DD /* Frameworks */,
				B5429E0B2AFADB69002936DD /* Resources */,
			);
			buildRules = (
			);
			dependencies = (
				B5429E0F2AFADB69002936DD /* PBXTargetDependency */,
			);
			name = "Fetch ExerciseUITests";
			productName = "Fetch ExerciseUITests";
			productReference = B5429E0D2AFADB69002936DD /* Fetch ExerciseUITests.xctest */;
			productType = "com.apple.product-type.bundle.ui-testing";
		};
/* End PBXNativeTarget section */

/* Begin PBXProject section */
		B5429DEB2AFADB67002936DD /* Project object */ = {
			isa = PBXProject;
			attributes = {
				BuildIndependentTargetsInParallel = 1;
				LastSwiftUpdateCheck = 1500;
				LastUpgradeCheck = 1500;
				TargetAttributes = {
					B5429DF22AFADB67002936DD = {
						CreatedOnToolsVersion = 15.0.1;
						LastSwiftMigration = 1500;
					};
					B5429E022AFADB69002936DD = {
						CreatedOnToolsVersion = 15.0.1;
						TestTargetID = B5429DF22AFADB67002936DD;
					};
					B5429E0C2AFADB69002936DD = {
						CreatedOnToolsVersion = 15.0.1;
						TestTargetID = B5429DF22AFADB67002936DD;
					};
				};
			};
			buildConfigurationList = B5429DEE2AFADB67002936DD /* Build configuration list for PBXProject "Fetch Exercise" */;
			compatibilityVersion = "Xcode 14.0";
			developmentRegion = en;
			hasScannedForEncodings = 0;
			knownRegions = (
				en,
				Base,
			);
			mainGroup = B5429DEA2AFADB67002936DD;
			productRefGroup = B5429DF42AFADB67002936DD /* Products */;
			projectDirPath = "";
			projectRoot = "";
			targets = (
				B5429DF22AFADB67002936DD /* Fetch Exercise */,
				B5429E022AFADB69002936DD /* Fetch ExerciseTests */,
				B5429E0C2AFADB69002936DD /* Fetch ExerciseUITests */,
			);
		};
/* End PBXProject section */

/* Begin PBXResourcesBuildPhase section */
		B5429DF12AFADB67002936DD /* Resources */ = {
			isa = PBXResourcesBuildPhase;
			buildActionMask = 2147483647;
			files = (
				B5429DFE2AFADB68002936DD /* Preview Assets.xcassets in Resources */,
				B5429DFB2AFADB68002936DD /* Assets.xcassets in Resources */,
			);
			runOnlyForDeploymentPostprocessing = 0;
		};
		B5429E012AFADB69002936DD /* Resources */ = {
			isa = PBXResourcesBuildPhase;
			buildActionMask = 2147483647;
			files = (
			);
			runOnlyForDeploymentPostprocessing = 0;
		};
		B5429E0B2AFADB69002936DD /* Resources */ = {
			isa = PBXResourcesBuildPhase;
			buildActionMask = 2147483647;
			files = (
			);
			runOnlyForDeploymentPostprocessing = 0;
		};
/* End PBXResourcesBuildPhase section */

/* Begin PBXSourcesBuildPhase section */
		B5429DEF2AFADB67002936DD /* Sources */ = {
			isa = PBXSourcesBuildPhase;
			buildActionMask = 2147483647;
			files = (
				B5429E282AFADB98002936DD /* MealDetailView.swift in Sources */,
				B5429E262AFADB98002936DD /* ContentView.swift in Sources */,
				B5429E2D2AFADC6F002936DD /* FetchExercise.swift in Sources */,
				B5429E272AFADB98002936DD /* FetchApi.swift in Sources */,
				B5429E2B2AFADB98002936DD /* Models.swift in Sources */,
				B5429E2A2AFADB98002936DD /* MealListView.swift in Sources */,
			);
			runOnlyForDeploymentPostprocessing = 0;
		};
		B5429DFF2AFADB69002936DD /* Sources */ = {
			isa = PBXSourcesBuildPhase;
			buildActionMask = 2147483647;
			files = (
				B5429E082AFADB69002936DD /* Fetch_ExerciseTests.swift in Sources */,
			);
			runOnlyForDeploymentPostprocessing = 0;
		};
		B5429E092AFADB69002936DD /* Sources */ = {
			isa = PBXSourcesBuildPhase;
			buildActionMask = 2147483647;
			files = (
				B5429E122AFADB69002936DD /* Fetch_ExerciseUITests.swift in Sources */,
				B5429E142AFADB69002936DD /* Fetch_ExerciseUITestsLaunchTests.swift in Sources */,
			);
			runOnlyForDeploymentPostprocessing = 0;
		};
/* End PBXSourcesBuildPhase section */

/* Begin PBXTargetDependency section */
		B5429E052AFADB69002936DD /* PBXTargetDependency */ = {
			isa = PBXTargetDependency;
			target = B5429DF22AFADB67002936DD /* Fetch Exercise */;
			targetProxy = B5429E042AFADB69002936DD /* PBXContainerItemProxy */;
		};
		B5429E0F2AFADB69002936DD /* PBXTargetDependency */ = {
			isa = PBXTargetDependency;
			target = B5429DF22AFADB67002936DD /* Fetch Exercise */;
			targetProxy = B5429E0E2AFADB69002936DD /* PBXContainerItemProxy */;
		};
/* End PBXTargetDependency section */

/* Begin XCBuildConfiguration section */
		B5429E152AFADB69002936DD /* Debug */ = {
			isa = XCBuildConfiguration;
			buildSettings = {
				ALWAYS_SEARCH_USER_PATHS = NO;
				ASSETCATALOG_COMPILER_GENERATE_SWIFT_ASSET_SYMBOL_EXTENSIONS = YES;
				CLANG_ANALYZER_NONNULL = YES;
				CLANG_ANALYZER_NUMBER_OBJECT_CONVERSION = YES_AGGRESSIVE;
				CLANG_CXX_LANGUAGE_STANDARD = "gnu++20";
				CLANG_ENABLE_MODULES = YES;
				CLANG_ENABLE_OBJC_ARC = YES;
				CLANG_ENABLE_OBJC_WEAK = YES;
				CLANG_WARN_BLOCK_CAPTURE_AUTORELEASING = YES;
				CLANG_WARN_BOOL_CONVERSION = YES;
				CLANG_WARN_COMMA = YES;
				CLANG_WARN_CONSTANT_CONVERSION = YES;
				CLANG_WARN_DEPRECATED_OBJC_IMPLEMENTATIONS = YES;
				CLANG_WARN_DIRECT_OBJC_ISA_USAGE = YES_ERROR;
				CLANG_WARN_DOCUMENTATION_COMMENTS = YES;
				CLANG_WARN_EMPTY_BODY = YES;
				CLANG_WARN_ENUM_CONVERSION = YES;
				CLANG_WARN_INFINITE_RECURSION = YES;
				CLANG_WARN_INT_CONVERSION = YES;
				CLANG_WARN_NON_LITERAL_NULL_CONVERSION = YES;
				CLANG_WARN_OBJC_IMPLICIT_RETAIN_SELF = YES;
				CLANG_WARN_OBJC_LITERAL_CONVERSION = YES;
				CLANG_WARN_OBJC_ROOT_CLASS = YES_ERROR;
				CLANG_WARN_QUOTED_INCLUDE_IN_FRAMEWORK_HEADER = YES;
				CLANG_WARN_RANGE_LOOP_ANALYSIS = YES;
				CLANG_WARN_STRICT_PROTOTYPES = YES;
				CLANG_WARN_SUSPICIOUS_MOVE = YES;
				CLANG_WARN_UNGUARDED_AVAILABILITY = YES_AGGRESSIVE;
				CLANG_WARN_UNREACHABLE_CODE = YES;
				CLANG_WARN__DUPLICATE_METHOD_MATCH = YES;
				COPY_PHASE_STRIP = NO;
				DEBUG_INFORMATION_FORMAT = dwarf;
				ENABLE_STRICT_OBJC_MSGSEND = YES;
				ENABLE_TESTABILITY = YES;
				ENABLE_USER_SCRIPT_SANDBOXING = YES;
				GCC_C_LANGUAGE_STANDARD = gnu17;
				GCC_DYNAMIC_NO_PIC = NO;
				GCC_NO_COMMON_BLOCKS = YES;
				GCC_OPTIMIZATION_LEVEL = 0;
				GCC_PREPROCESSOR_DEFINITIONS = (
					"DEBUG=1",
					"$(inherited)",
				);
				GCC_WARN_64_TO_32_BIT_CONVERSION = YES;
				GCC_WARN_ABOUT_RETURN_TYPE = YES_ERROR;
				GCC_WARN_UNDECLARED_SELECTOR = YES;
				GCC_WARN_UNINITIALIZED_AUTOS = YES_AGGRESSIVE;
				GCC_WARN_UNUSED_FUNCTION = YES;
				GCC_WARN_UNUSED_VARIABLE = YES;
				IPHONEOS_DEPLOYMENT_TARGET = 17.0;
				LOCALIZATION_PREFERS_STRING_CATALOGS = YES;
				MTL_ENABLE_DEBUG_INFO = INCLUDE_SOURCE;
				MTL_FAST_MATH = YES;
				ONLY_ACTIVE_ARCH = YES;
				SDKROOT = iphoneos;
				SWIFT_ACTIVE_COMPILATION_CONDITIONS = "DEBUG $(inherited)";
				SWIFT_OPTIMIZATION_LEVEL = "-Onone";
			};
			name = Debug;
		};
		B5429E162AFADB69002936DD /* Release */ = {
			isa = XCBuildConfiguration;
			buildSettings = {
				ALWAYS_SEARCH_USER_PATHS = NO;
				ASSETCATALOG_COMPILER_GENERATE_SWIFT_ASSET_SYMBOL_EXTENSIONS = YES;
				CLANG_ANALYZER_NONNULL = YES;
				CLANG_ANALYZER_NUMBER_OBJECT_CONVERSION = YES_AGGRESSIVE;
				CLANG_CXX_LANGUAGE_STANDARD = "gnu++20";
				CLANG_ENABLE_MODULES = YES;
				CLANG_ENABLE_OBJC_ARC = YES;
				CLANG_ENABLE_OBJC_WEAK = YES;
				CLANG_WARN_BLOCK_CAPTURE_AUTORELEASING = YES;
				CLANG_WARN_BOOL_CONVERSION = YES;
				CLANG_WARN_COMMA = YES;
				CLANG_WARN_CONSTANT_CONVERSION = YES;
				CLANG_WARN_DEPRECATED_OBJC_IMPLEMENTATIONS = YES;
				CLANG_WARN_DIRECT_OBJC_ISA_USAGE = YES_ERROR;
				CLANG_WARN_DOCUMENTATION_COMMENTS = YES;
				CLANG_WARN_EMPTY_BODY = YES;
				CLANG_WARN_ENUM_CONVERSION = YES;
				CLANG_WARN_INFINITE_RECURSION = YES;
				CLANG_WARN_INT_CONVERSION = YES;
				CLANG_WARN_NON_LITERAL_NULL_CONVERSION = YES;
				CLANG_WARN_OBJC_IMPLICIT_RETAIN_SELF = YES;
				CLANG_WARN_OBJC_LITERAL_CONVERSION = YES;
				CLANG_WARN_OBJC_ROOT_CLASS = YES_ERROR;
				CLANG_WARN_QUOTED_INCLUDE_IN_FRAMEWORK_HEADER = YES;
				CLANG_WARN_RANGE_LOOP_ANALYSIS = YES;
				CLANG_WARN_STRICT_PROTOTYPES = YES;
				CLANG_WARN_SUSPICIOUS_MOVE = YES;
				CLANG_WARN_UNGUARDED_AVAILABILITY = YES_AGGRESSIVE;
				CLANG_WARN_UNREACHABLE_CODE = YES;
				CLANG_WARN__DUPLICATE_METHOD_MATCH = YES;
				COPY_PHASE_STRIP = NO;
				DEBUG_INFORMATION_FORMAT = "dwarf-with-dsym";
				ENABLE_NS_ASSERTIONS = NO;
				ENABLE_STRICT_OBJC_MSGSEND = YES;
				ENABLE_USER_SCRIPT_SANDBOXING = YES;
				GCC_C_LANGUAGE_STANDARD = gnu17;
				GCC_NO_COMMON_BLOCKS = YES;
				GCC_WARN_64_TO_32_BIT_CONVERSION = YES;
				GCC_WARN_ABOUT_RETURN_TYPE = YES_ERROR;
				GCC_WARN_UNDECLARED_SELECTOR = YES;
				GCC_WARN_UNINITIALIZED_AUTOS = YES_AGGRESSIVE;
				GCC_WARN_UNUSED_FUNCTION = YES;
				GCC_WARN_UNUSED_VARIABLE = YES;
				IPHONEOS_DEPLOYMENT_TARGET = 17.0;
				LOCALIZATION_PREFERS_STRING_CATALOGS = YES;
				MTL_ENABLE_DEBUG_INFO = NO;
				MTL_FAST_MATH = YES;
				SDKROOT = iphoneos;
				SWIFT_COMPILATION_MODE = wholemodule;
				VALIDATE_PRODUCT = YES;
			};
			name = Release;
		};
		B5429E182AFADB69002936DD /* Debug */ = {
			isa = XCBuildConfiguration;
			buildSettings = {
				ASSETCATALOG_COMPILER_APPICON_NAME = AppIcon;
				ASSETCATALOG_COMPILER_GLOBAL_ACCENT_COLOR_NAME = AccentColor;
				CLANG_ENABLE_MODULES = YES;
				CODE_SIGN_STYLE = Automatic;
				CURRENT_PROJECT_VERSION = 1;
				DEVELOPMENT_ASSET_PATHS = "\"Fetch Exercise/Preview Content\"";
				ENABLE_PREVIEWS = YES;
				GENERATE_INFOPLIST_FILE = YES;
				INFOPLIST_KEY_UIApplicationSceneManifest_Generation = YES;
				INFOPLIST_KEY_UIApplicationSupportsIndirectInputEvents = YES;
				INFOPLIST_KEY_UILaunchScreen_Generation = YES;
				INFOPLIST_KEY_UISupportedInterfaceOrientations_iPad = "UIInterfaceOrientationPortrait UIInterfaceOrientationPortraitUpsideDown UIInterfaceOrientationLandscapeLeft UIInterfaceOrientationLandscapeRight";
				INFOPLIST_KEY_UISupportedInterfaceOrientations_iPhone = "UIInterfaceOrientationPortrait UIInterfaceOrientationLandscapeLeft UIInterfaceOrientationLandscapeRight";
				LD_RUNPATH_SEARCH_PATHS = (
					"$(inherited)",
					"@executable_path/Frameworks",
				);
				MARKETING_VERSION = 1.0;
				PRODUCT_BUNDLE_IDENTIFIER = "ye.Fetch-Exercise";
				PRODUCT_NAME = "$(TARGET_NAME)";
				SWIFT_EMIT_LOC_STRINGS = YES;
				SWIFT_OPTIMIZATION_LEVEL = "-Onone";
				SWIFT_VERSION = 5.0;
				TARGETED_DEVICE_FAMILY = "1,2";
			};
			name = Debug;
		};
		B5429E192AFADB69002936DD /* Release */ = {
			isa = XCBuildConfiguration;
			buildSettings = {
				ASSETCATALOG_COMPILER_APPICON_NAME = AppIcon;
				ASSETCATALOG_COMPILER_GLOBAL_ACCENT_COLOR_NAME = AccentColor;
				CLANG_ENABLE_MODULES = YES;
				CODE_SIGN_STYLE = Automatic;
				CURRENT_PROJECT_VERSION = 1;
				DEVELOPMENT_ASSET_PATHS = "\"Fetch Exercise/Preview Content\"";
				ENABLE_PREVIEWS = YES;
				GENERATE_INFOPLIST_FILE = YES;
				INFOPLIST_KEY_UIApplicationSceneManifest_Generation = YES;
				INFOPLIST_KEY_UIApplicationSupportsIndirectInputEvents = YES;
				INFOPLIST_KEY_UILaunchScreen_Generation = YES;
				INFOPLIST_KEY_UISupportedInterfaceOrientations_iPad = "UIInterfaceOrientationPortrait UIInterfaceOrientationPortraitUpsideDown UIInterfaceOrientationLandscapeLeft UIInterfaceOrientationLandscapeRight";
				INFOPLIST_KEY_UISupportedInterfaceOrientations_iPhone = "UIInterfaceOrientationPortrait UIInterfaceOrientationLandscapeLeft UIInterfaceOrientationLandscapeRight";
				LD_RUNPATH_SEARCH_PATHS = (
					"$(inherited)",
					"@executable_path/Frameworks",
				);
				MARKETING_VERSION = 1.0;
				PRODUCT_BUNDLE_IDENTIFIER = "ye.Fetch-Exercise";
				PRODUCT_NAME = "$(TARGET_NAME)";
				SWIFT_EMIT_LOC_STRINGS = YES;
				SWIFT_VERSION = 5.0;
				TARGETED_DEVICE_FAMILY = "1,2";
			};
			name = Release;
		};
		B5429E1B2AFADB69002936DD /* Debug */ = {
			isa = XCBuildConfiguration;
			buildSettings = {
				ALWAYS_EMBED_SWIFT_STANDARD_LIBRARIES = YES;
				BUNDLE_LOADER = "$(TEST_HOST)";
				CODE_SIGN_STYLE = Automatic;
				CURRENT_PROJECT_VERSION = 1;
				GENERATE_INFOPLIST_FILE = YES;
				IPHONEOS_DEPLOYMENT_TARGET = 17.0;
				MARKETING_VERSION = 1.0;
				PRODUCT_BUNDLE_IDENTIFIER = "ye.Fetch-ExerciseTests";
				PRODUCT_NAME = "$(TARGET_NAME)";
				SWIFT_EMIT_LOC_STRINGS = NO;
				SWIFT_VERSION = 5.0;
				TARGETED_DEVICE_FAMILY = "1,2";
				TEST_HOST = "$(BUILT_PRODUCTS_DIR)/Fetch Exercise.app/$(BUNDLE_EXECUTABLE_FOLDER_PATH)/Fetch Exercise";
			};
			name = Debug;
		};
		B5429E1C2AFADB69002936DD /* Release */ = {
			isa = XCBuildConfiguration;
			buildSettings = {
				ALWAYS_EMBED_SWIFT_STANDARD_LIBRARIES = YES;
				BUNDLE_LOADER = "$(TEST_HOST)";
				CODE_SIGN_STYLE = Automatic;
				CURRENT_PROJECT_VERSION = 1;
				GENERATE_INFOPLIST_FILE = YES;
				IPHONEOS_DEPLOYMENT_TARGET = 17.0;
				MARKETING_VERSION = 1.0;
				PRODUCT_BUNDLE_IDENTIFIER = "ye.Fetch-ExerciseTests";
				PRODUCT_NAME = "$(TARGET_NAME)";
				SWIFT_EMIT_LOC_STRINGS = NO;
				SWIFT_VERSION = 5.0;
				TARGETED_DEVICE_FAMILY = "1,2";
				TEST_HOST = "$(BUILT_PRODUCTS_DIR)/Fetch Exercise.app/$(BUNDLE_EXECUTABLE_FOLDER_PATH)/Fetch Exercise";
			};
			name = Release;
		};
		B5429E1E2AFADB69002936DD /* Debug */ = {
			isa = XCBuildConfiguration;
			buildSettings = {
				ALWAYS_EMBED_SWIFT_STANDARD_LIBRARIES = YES;
				CODE_SIGN_STYLE = Automatic;
				CURRENT_PROJECT_VERSION = 1;
				GENERATE_INFOPLIST_FILE = YES;
				MARKETING_VERSION = 1.0;
				PRODUCT_BUNDLE_IDENTIFIER = "ye.Fetch-ExerciseUITests";
				PRODUCT_NAME = "$(TARGET_NAME)";
				SWIFT_EMIT_LOC_STRINGS = NO;
				SWIFT_VERSION = 5.0;
				TARGETED_DEVICE_FAMILY = "1,2";
				TEST_TARGET_NAME = "Fetch Exercise";
			};
			name = Debug;
		};
		B5429E1F2AFADB69002936DD /* Release */ = {
			isa = XCBuildConfiguration;
			buildSettings = {
				ALWAYS_EMBED_SWIFT_STANDARD_LIBRARIES = YES;
				CODE_SIGN_STYLE = Automatic;
				CURRENT_PROJECT_VERSION = 1;
				GENERATE_INFOPLIST_FILE = YES;
				MARKETING_VERSION = 1.0;
				PRODUCT_BUNDLE_IDENTIFIER = "ye.Fetch-ExerciseUITests";
				PRODUCT_NAME = "$(TARGET_NAME)";
				SWIFT_EMIT_LOC_STRINGS = NO;
				SWIFT_VERSION = 5.0;
				TARGETED_DEVICE_FAMILY = "1,2";
				TEST_TARGET_NAME = "Fetch Exercise";
			};
			name = Release;
		};
/* End XCBuildConfiguration section */

/* Begin XCConfigurationList section */
		B5429DEE2AFADB67002936DD /* Build configuration list for PBXProject "Fetch Exercise" */ = {
			isa = XCConfigurationList;
			buildConfigurations = (
				B5429E152AFADB69002936DD /* Debug */,
				B5429E162AFADB69002936DD /* Release */,
			);
			defaultConfigurationIsVisible = 0;
			defaultConfigurationName = Release;
		};
		B5429E172AFADB69002936DD /* Build configuration list for PBXNativeTarget "Fetch Exercise" */ = {
			isa = XCConfigurationList;
			buildConfigurations = (
				B5429E182AFADB69002936DD /* Debug */,
				B5429E192AFADB69002936DD /* Release */,
			);
			defaultConfigurationIsVisible = 0;
			defaultConfigurationName = Release;
		};
		B5429E1A2AFADB69002936DD /* Build configuration list for PBXNativeTarget "Fetch ExerciseTests" */ = {
			isa = XCConfigurationList;
			buildConfigurations = (
				B5429E1B2AFADB69002936DD /* Debug */,
				B5429E1C2AFADB69002936DD /* Release */,
			);
			defaultConfigurationIsVisible = 0;
			defaultConfigurationName = Release;
		};
		B5429E1D2AFADB69002936DD /* Build configuration list for PBXNativeTarget "Fetch ExerciseUITests" */ = {
			isa = XCConfigurationList;
			buildConfigurations = (
				B5429E1E2AFADB69002936DD /* Debug */,
				B5429E1F2AFADB69002936DD /* Release */,
			);
			defaultConfigurationIsVisible = 0;
			defaultConfigurationName = Release;
		};
/* End XCConfigurationList section */
	};
	rootObject = B5429DEB2AFADB67002936DD /* Project object */;
}
